
Microsoft Visual Studio Solution File, Format Version 12.00
# Visual Studio Version 17
VisualStudioVersion = 17.10.34928.147
MinimumVisualStudioVersion = 10.0.40219.1
Project("{8BC9CEB8-8B4A-11D0-8D11-00A0C91BC942}") = "Program", "Program.vcxproj", "{7863BE4A-6124-4014-AF41-AB442DD00441}"
EndProject
Project("{8BC9CEB8-8B4A-11D0-8D11-00A0C91BC942}") = "Class1th (Brute Force)", "..\Class1th (Brute Force)\Class1th (Brute Force).vcxproj", "{AD8388A9-DD8C-4890-9418-3B9C010F6C1E}"
EndProject
Project("{8BC9CEB8-8B4A-11D0-8D11-00A0C91BC942}") = "Class2th (Sieve Of Eratosthenes)", "..\Class2th (Sieve Of Eratosthenes)\Class2th (Sieve Of Eratosthenes).vcxproj", "{0D4072C6-F784-418F-BE68-A418B79A15E5}"
EndProject
Project("{8BC9CEB8-8B4A-11D0-8D11-00A0C91BC942}") = "Class3th (Bubble Sort)", "..\Class3th (Bubble Sort)\Class3th (Bubble Sort).vcxproj", "{50287D04-D8FF-4EB0-9F02-36F67CB9DED8}"
EndProject
Project("{8BC9CEB8-8B4A-11D0-8D11-00A0C91BC942}") = "Class4th (Select Sort)", "..\Class4th (Select Sort)\Class4th (Select Sort).vcxproj", "{586625F5-1322-4179-A922-DADE2CAFFACD}"
EndProject
Project("{8BC9CEB8-8B4A-11D0-8D11-00A0C91BC942}") = "Class5th (Insert Sort)", "..\Class5th (Insert Sort)\Class5th (Insert Sort).vcxproj", "{690D3450-ABB1-40CC-AEE3-CB0E715AE7FE}"
EndProject
Project("{8BC9CEB8-8B4A-11D0-8D11-00A0C91BC942}") = "Class6th (Two Pointer)", "..\Class6th (Two Pointer)\Class6th (Two Pointer).vcxproj", "{3A26C17F-70DC-4655-BA9A-B4E486CD4BF9}"
EndProject
Project("{8BC9CEB8-8B4A-11D0-8D11-00A0C91BC942}") = "Class7th (BinarySearch)", "..\Class7th (BinarySearch)\Class7th (BinarySearch).vcxproj", "{61002873-29B3-47DA-A849-36866CB0D7BB}"
EndProject
Project("{8BC9CEB8-8B4A-11D0-8D11-00A0C91BC942}") = "Class9th (Quick Sort)", "..\Class9th (Quick Sort)\Class9th (Quick Sort).vcxproj", "{CD8616DE-6DDD-4F51-988B-AA3020EA60E5}"
EndProject
Project("{8BC9CEB8-8B4A-11D0-8D11-00A0C91BC942}") = "Class8th (Divide and Conquer)", "..\Class8th ()\Class8th ().vcxproj", "{9041FD27-E5AF-4957-AFCB-CA92AAF691E0}"
EndProject
Project("{8BC9CEB8-8B4A-11D0-8D11-00A0C91BC942}") = "Class10th (MergSort)", "..\Class10th (MergSort)\Class10th (MergSort).vcxproj", "{15F23570-AFC2-4FAF-B51E-1EDEDB4608CC}"
EndProject
Project("{8BC9CEB8-8B4A-11D0-8D11-00A0C91BC942}") = "Class11th (Dynamic Programming)", "..\Class11th (Dynamic Programming)\Class11th (Dynamic Programming).vcxproj", "{E36A3AA4-2006-4201-AAF5-7817FA9041D0}"
EndProject
Project("{8BC9CEB8-8B4A-11D0-8D11-00A0C91BC942}") = "Class12th (Greedy)", "..\Class12th (Greedy)\Class12th (Greedy).vcxproj", "{35FAADB6-3B95-4C0F-B351-32EC9A5533AB}"
EndProject
Project("{8BC9CEB8-8B4A-11D0-8D11-00A0C91BC942}") = "Class13th (ShallSort)", "..\Class13th (ShallSort)\Class13th (ShallSort).vcxproj", "{A7197084-8E98-413E-ACD8-8F57402FE240}"
EndProject
Global
	GlobalSection(SolutionConfigurationPlatforms) = preSolution
		Debug|x64 = Debug|x64
		Debug|x86 = Debug|x86
		Release|x64 = Release|x64
		Release|x86 = Release|x86
	EndGlobalSection
	GlobalSection(ProjectConfigurationPlatforms) = postSolution
		{7863BE4A-6124-4014-AF41-AB442DD00441}.Debug|x64.ActiveCfg = Debug|x64
		{7863BE4A-6124-4014-AF41-AB442DD00441}.Debug|x64.Build.0 = Debug|x64
		{7863BE4A-6124-4014-AF41-AB442DD00441}.Debug|x86.ActiveCfg = Debug|Win32
		{7863BE4A-6124-4014-AF41-AB442DD00441}.Debug|x86.Build.0 = Debug|Win32
		{7863BE4A-6124-4014-AF41-AB442DD00441}.Release|x64.ActiveCfg = Release|x64
		{7863BE4A-6124-4014-AF41-AB442DD00441}.Release|x64.Build.0 = Release|x64
		{7863BE4A-6124-4014-AF41-AB442DD00441}.Release|x86.ActiveCfg = Release|Win32
		{7863BE4A-6124-4014-AF41-AB442DD00441}.Release|x86.Build.0 = Release|Win32
		{AD8388A9-DD8C-4890-9418-3B9C010F6C1E}.Debug|x64.ActiveCfg = Debug|x64
		{AD8388A9-DD8C-4890-9418-3B9C010F6C1E}.Debug|x64.Build.0 = Debug|x64
		{AD8388A9-DD8C-4890-9418-3B9C010F6C1E}.Debug|x86.ActiveCfg = Debug|Win32
		{AD8388A9-DD8C-4890-9418-3B9C010F6C1E}.Debug|x86.Build.0 = Debug|Win32
		{AD8388A9-DD8C-4890-9418-3B9C010F6C1E}.Release|x64.ActiveCfg = Release|x64
		{AD8388A9-DD8C-4890-9418-3B9C010F6C1E}.Release|x64.Build.0 = Release|x64
		{AD8388A9-DD8C-4890-9418-3B9C010F6C1E}.Release|x86.ActiveCfg = Release|Win32
		{AD8388A9-DD8C-4890-9418-3B9C010F6C1E}.Release|x86.Build.0 = Release|Win32
		{0D4072C6-F784-418F-BE68-A418B79A15E5}.Debug|x64.ActiveCfg = Debug|x64
		{0D4072C6-F784-418F-BE68-A418B79A15E5}.Debug|x64.Build.0 = Debug|x64
		{0D4072C6-F784-418F-BE68-A418B79A15E5}.Debug|x86.ActiveCfg = Debug|Win32
		{0D4072C6-F784-418F-BE68-A418B79A15E5}.Debug|x86.Build.0 = Debug|Win32
		{0D4072C6-F784-418F-BE68-A418B79A15E5}.Release|x64.ActiveCfg = Release|x64
		{0D4072C6-F784-418F-BE68-A418B79A15E5}.Release|x64.Build.0 = Release|x64
		{0D4072C6-F784-418F-BE68-A418B79A15E5}.Release|x86.ActiveCfg = Release|Win32
		{0D4072C6-F784-418F-BE68-A418B79A15E5}.Release|x86.Build.0 = Release|Win32
		{50287D04-D8FF-4EB0-9F02-36F67CB9DED8}.Debug|x64.ActiveCfg = Debug|x64
		{50287D04-D8FF-4EB0-9F02-36F67CB9DED8}.Debug|x64.Build.0 = Debug|x64
		{50287D04-D8FF-4EB0-9F02-36F67CB9DED8}.Debug|x86.ActiveCfg = Debug|Win32
		{50287D04-D8FF-4EB0-9F02-36F67CB9DED8}.Debug|x86.Build.0 = Debug|Win32
		{50287D04-D8FF-4EB0-9F02-36F67CB9DED8}.Release|x64.ActiveCfg = Release|x64
		{50287D04-D8FF-4EB0-9F02-36F67CB9DED8}.Release|x64.Build.0 = Release|x64
		{50287D04-D8FF-4EB0-9F02-36F67CB9DED8}.Release|x86.ActiveCfg = Release|Win32
		{50287D04-D8FF-4EB0-9F02-36F67CB9DED8}.Release|x86.Build.0 = Release|Win32
		{586625F5-1322-4179-A922-DADE2CAFFACD}.Debug|x64.ActiveCfg = Debug|x64
		{586625F5-1322-4179-A922-DADE2CAFFACD}.Debug|x64.Build.0 = Debug|x64
		{586625F5-1322-4179-A922-DADE2CAFFACD}.Debug|x86.ActiveCfg = Debug|Win32
		{586625F5-1322-4179-A922-DADE2CAFFACD}.Debug|x86.Build.0 = Debug|Win32
		{586625F5-1322-4179-A922-DADE2CAFFACD}.Release|x64.ActiveCfg = Release|x64
		{586625F5-1322-4179-A922-DADE2CAFFACD}.Release|x64.Build.0 = Release|x64
		{586625F5-1322-4179-A922-DADE2CAFFACD}.Release|x86.ActiveCfg = Release|Win32
		{586625F5-1322-4179-A922-DADE2CAFFACD}.Release|x86.Build.0 = Release|Win32
		{690D3450-ABB1-40CC-AEE3-CB0E715AE7FE}.Debug|x64.ActiveCfg = Debug|x64
		{690D3450-ABB1-40CC-AEE3-CB0E715AE7FE}.Debug|x64.Build.0 = Debug|x64
		{690D3450-ABB1-40CC-AEE3-CB0E715AE7FE}.Debug|x86.ActiveCfg = Debug|Win32
		{690D3450-ABB1-40CC-AEE3-CB0E715AE7FE}.Debug|x86.Build.0 = Debug|Win32
		{690D3450-ABB1-40CC-AEE3-CB0E715AE7FE}.Release|x64.ActiveCfg = Release|x64
		{690D3450-ABB1-40CC-AEE3-CB0E715AE7FE}.Release|x64.Build.0 = Release|x64
		{690D3450-ABB1-40CC-AEE3-CB0E715AE7FE}.Release|x86.ActiveCfg = Release|Win32
		{690D3450-ABB1-40CC-AEE3-CB0E715AE7FE}.Release|x86.Build.0 = Release|Win32
		{3A26C17F-70DC-4655-BA9A-B4E486CD4BF9}.Debug|x64.ActiveCfg = Debug|x64
		{3A26C17F-70DC-4655-BA9A-B4E486CD4BF9}.Debug|x64.Build.0 = Debug|x64
		{3A26C17F-70DC-4655-BA9A-B4E486CD4BF9}.Debug|x86.ActiveCfg = Debug|Win32
		{3A26C17F-70DC-4655-BA9A-B4E486CD4BF9}.Debug|x86.Build.0 = Debug|Win32
		{3A26C17F-70DC-4655-BA9A-B4E486CD4BF9}.Release|x64.ActiveCfg = Release|x64
		{3A26C17F-70DC-4655-BA9A-B4E486CD4BF9}.Release|x64.Build.0 = Release|x64
		{3A26C17F-70DC-4655-BA9A-B4E486CD4BF9}.Release|x86.ActiveCfg = Release|Win32
		{3A26C17F-70DC-4655-BA9A-B4E486CD4BF9}.Release|x86.Build.0 = Release|Win32
		{61002873-29B3-47DA-A849-36866CB0D7BB}.Debug|x64.ActiveCfg = Debug|x64
		{61002873-29B3-47DA-A849-36866CB0D7BB}.Debug|x64.Build.0 = Debug|x64
		{61002873-29B3-47DA-A849-36866CB0D7BB}.Debug|x86.ActiveCfg = Debug|Win32
		{61002873-29B3-47DA-A849-36866CB0D7BB}.Debug|x86.Build.0 = Debug|Win32
		{61002873-29B3-47DA-A849-36866CB0D7BB}.Release|x64.ActiveCfg = Release|x64
		{61002873-29B3-47DA-A849-36866CB0D7BB}.Release|x64.Build.0 = Release|x64
		{61002873-29B3-47DA-A849-36866CB0D7BB}.Release|x86.ActiveCfg = Release|Win32
		{61002873-29B3-47DA-A849-36866CB0D7BB}.Release|x86.Build.0 = Release|Win32
		{CD8616DE-6DDD-4F51-988B-AA3020EA60E5}.Debug|x64.ActiveCfg = Debug|x64
		{CD8616DE-6DDD-4F51-988B-AA3020EA60E5}.Debug|x64.Build.0 = Debug|x64
		{CD8616DE-6DDD-4F51-988B-AA3020EA60E5}.Debug|x86.ActiveCfg = Debug|Win32
		{CD8616DE-6DDD-4F51-988B-AA3020EA60E5}.Debug|x86.Build.0 = Debug|Win32
		{CD8616DE-6DDD-4F51-988B-AA3020EA60E5}.Release|x64.ActiveCfg = Release|x64
		{CD8616DE-6DDD-4F51-988B-AA3020EA60E5}.Release|x64.Build.0 = Release|x64
		{CD8616DE-6DDD-4F51-988B-AA3020EA60E5}.Release|x86.ActiveCfg = Release|Win32
		{CD8616DE-6DDD-4F51-988B-AA3020EA60E5}.Release|x86.Build.0 = Release|Win32
		{9041FD27-E5AF-4957-AFCB-CA92AAF691E0}.Debug|x64.ActiveCfg = Debug|x64
		{9041FD27-E5AF-4957-AFCB-CA92AAF691E0}.Debug|x64.Build.0 = Debug|x64
		{9041FD27-E5AF-4957-AFCB-CA92AAF691E0}.Debug|x86.ActiveCfg = Debug|Win32
		{9041FD27-E5AF-4957-AFCB-CA92AAF691E0}.Debug|x86.Build.0 = Debug|Win32
		{9041FD27-E5AF-4957-AFCB-CA92AAF691E0}.Release|x64.ActiveCfg = Release|x64
		{9041FD27-E5AF-4957-AFCB-CA92AAF691E0}.Release|x64.Build.0 = Release|x64
		{9041FD27-E5AF-4957-AFCB-CA92AAF691E0}.Release|x86.ActiveCfg = Release|Win32
		{9041FD27-E5AF-4957-AFCB-CA92AAF691E0}.Release|x86.Build.0 = Release|Win32
		{15F23570-AFC2-4FAF-B51E-1EDEDB4608CC}.Debug|x64.ActiveCfg = Debug|x64
		{15F23570-AFC2-4FAF-B51E-1EDEDB4608CC}.Debug|x64.Build.0 = Debug|x64
		{15F23570-AFC2-4FAF-B51E-1EDEDB4608CC}.Debug|x86.ActiveCfg = Debug|Win32
		{15F23570-AFC2-4FAF-B51E-1EDEDB4608CC}.Debug|x86.Build.0 = Debug|Win32
		{15F23570-AFC2-4FAF-B51E-1EDEDB4608CC}.Release|x64.ActiveCfg = Release|x64
		{15F23570-AFC2-4FAF-B51E-1EDEDB4608CC}.Release|x64.Build.0 = Release|x64
		{15F23570-AFC2-4FAF-B51E-1EDEDB4608CC}.Release|x86.ActiveCfg = Release|Win32
		{15F23570-AFC2-4FAF-B51E-1EDEDB4608CC}.Release|x86.Build.0 = Release|Win32
		{E36A3AA4-2006-4201-AAF5-7817FA9041D0}.Debug|x64.ActiveCfg = Debug|x64
		{E36A3AA4-2006-4201-AAF5-7817FA9041D0}.Debug|x64.Build.0 = Debug|x64
		{E36A3AA4-2006-4201-AAF5-7817FA9041D0}.Debug|x86.ActiveCfg = Debug|Win32
		{E36A3AA4-2006-4201-AAF5-7817FA9041D0}.Debug|x86.Build.0 = Debug|Win32
		{E36A3AA4-2006-4201-AAF5-7817FA9041D0}.Release|x64.ActiveCfg = Release|x64
		{E36A3AA4-2006-4201-AAF5-7817FA9041D0}.Release|x64.Build.0 = Release|x64
		{E36A3AA4-2006-4201-AAF5-7817FA9041D0}.Release|x86.ActiveCfg = Release|Win32
		{E36A3AA4-2006-4201-AAF5-7817FA9041D0}.Release|x86.Build.0 = Release|Win32
		{35FAADB6-3B95-4C0F-B351-32EC9A5533AB}.Debug|x64.ActiveCfg = Debug|x64
		{35FAADB6-3B95-4C0F-B351-32EC9A5533AB}.Debug|x64.Build.0 = Debug|x64
		{35FAADB6-3B95-4C0F-B351-32EC9A5533AB}.Debug|x86.ActiveCfg = Debug|Win32
		{35FAADB6-3B95-4C0F-B351-32EC9A5533AB}.Debug|x86.Build.0 = Debug|Win32
		{35FAADB6-3B95-4C0F-B351-32EC9A5533AB}.Release|x64.ActiveCfg = Release|x64
		{35FAADB6-3B95-4C0F-B351-32EC9A5533AB}.Release|x64.Build.0 = Release|x64
		{35FAADB6-3B95-4C0F-B351-32EC9A5533AB}.Release|x86.ActiveCfg = Release|Win32
		{35FAADB6-3B95-4C0F-B351-32EC9A5533AB}.Release|x86.Build.0 = Release|Win32
		{A7197084-8E98-413E-ACD8-8F57402FE240}.Debug|x64.ActiveCfg = Debug|x64
		{A7197084-8E98-413E-ACD8-8F57402FE240}.Debug|x64.Build.0 = Debug|x64
		{A7197084-8E98-413E-ACD8-8F57402FE240}.Debug|x86.ActiveCfg = Debug|Win32
		{A7197084-8E98-413E-ACD8-8F57402FE240}.Debug|x86.Build.0 = Debug|Win32
		{A7197084-8E98-413E-ACD8-8F57402FE240}.Release|x64.ActiveCfg = Release|x64
		{A7197084-8E98-413E-ACD8-8F57402FE240}.Release|x64.Build.0 = Release|x64
		{A7197084-8E98-413E-ACD8-8F57402FE240}.Release|x86.ActiveCfg = Release|Win32
		{A7197084-8E98-413E-ACD8-8F57402FE240}.Release|x86.Build.0 = Release|Win32
	EndGlobalSection
	GlobalSection(SolutionProperties) = preSolution
		HideSolutionNode = FALSE
	EndGlobalSection
	GlobalSection(ExtensibilityGlobals) = postSolution
		SolutionGuid = {22D15614-1ED8-4428-8B92-5A6E50B6CB25}
	EndGlobalSection
EndGlobal
